
Microsoft Visual Studio Solution File, Format Version 12.00
# Visual Studio Version 16
VisualStudioVersion = 16.0.31729.503
MinimumVisualStudioVersion = 10.0.40219.1
Project("{9A19103F-16F7-4668-BE54-9A1E7A4F7556}") = "ProProsecco", "ProPosecco\ProProsecco.csproj", "{5E0E55C3-BF9D-4352-B595-C51C5BEE0821}"
EndProject
Global
	GlobalSection(SolutionConfigurationPlatforms) = preSolution
		Debug|Any CPU = Debug|Any CPU
		Release|Any CPU = Release|Any CPU
	EndGlobalSection
	GlobalSection(ProjectConfigurationPlatforms) = postSolution
		{5E0E55C3-BF9D-4352-B595-C51C5BEE0821}.Debug|Any CPU.ActiveCfg = Debug|Any CPU
		{5E0E55C3-BF9D-4352-B595-C51C5BEE0821}.Debug|Any CPU.Build.0 = Debug|Any CPU
		{5E0E55C3-BF9D-4352-B595-C51C5BEE0821}.Release|Any CPU.ActiveCfg = Release|Any CPU
		{5E0E55C3-BF9D-4352-B595-C51C5BEE0821}.Release|Any CPU.Build.0 = Release|Any CPU
	EndGlobalSection
	GlobalSection(SolutionProperties) = preSolution
		HideSolutionNode = FALSE
	EndGlobalSection
	GlobalSection(ExtensibilityGlobals) = postSolution
		SolutionGuid = {CDC4E17E-622E-4C0F-92AD-C7F0D463C0FB}
	EndGlobalSection
EndGlobal
